
Microsoft Visual Studio Solution File, Format Version 12.00
# Visual Studio Version 17
VisualStudioVersion = 17.9.34902.65
MinimumVisualStudioVersion = 10.0.40219.1
Project("{9A19103F-16F7-4668-BE54-9A1E7A4F7556}") = "PostTestSERA", "PostTestSERA.csproj", "{B8C161B4-9432-4E34-B279-FC2E8DF4A667}"
EndProject
Project("{FAE04EC0-301F-11D3-BF4B-00C04F79EFBC}") = "PostTestSERAxUnit", "..\PostTestSERAxUnit\PostTestSERAxUnit.csproj", "{16850C07-2B52-4D2B-AAAE-9C4B5735559B}"
EndProject
Global
	GlobalSection(SolutionConfigurationPlatforms) = preSolution
		Debug|Any CPU = Debug|Any CPU
		Release|Any CPU = Release|Any CPU
	EndGlobalSection
	GlobalSection(ProjectConfigurationPlatforms) = postSolution
		{B8C161B4-9432-4E34-B279-FC2E8DF4A667}.Debug|Any CPU.ActiveCfg = Debug|Any CPU
		{B8C161B4-9432-4E34-B279-FC2E8DF4A667}.Debug|Any CPU.Build.0 = Debug|Any CPU
		{B8C161B4-9432-4E34-B279-FC2E8DF4A667}.Release|Any CPU.ActiveCfg = Release|Any CPU
		{B8C161B4-9432-4E34-B279-FC2E8DF4A667}.Release|Any CPU.Build.0 = Release|Any CPU
		{16850C07-2B52-4D2B-AAAE-9C4B5735559B}.Debug|Any CPU.ActiveCfg = Debug|Any CPU
		{16850C07-2B52-4D2B-AAAE-9C4B5735559B}.Debug|Any CPU.Build.0 = Debug|Any CPU
		{16850C07-2B52-4D2B-AAAE-9C4B5735559B}.Release|Any CPU.ActiveCfg = Release|Any CPU
		{16850C07-2B52-4D2B-AAAE-9C4B5735559B}.Release|Any CPU.Build.0 = Release|Any CPU
	EndGlobalSection
	GlobalSection(SolutionProperties) = preSolution
		HideSolutionNode = FALSE
	EndGlobalSection
	GlobalSection(ExtensibilityGlobals) = postSolution
		SolutionGuid = {169D2930-A941-408E-983F-5C670ADF2119}
	EndGlobalSection
EndGlobal
